{
  "name": "field-market-orders",
  "version": "0.2.0",
  "lockfileVersion": 3,
  "requires": true,
  "packages": {
    "": {
      "name": "field-market-orders",
      "version": "0.2.0",
      "dependencies": {
        "antd-mobile-icons": "^0.3.0"
      }
    },
    "node_modules/antd-mobile-icons": {
      "version": "0.3.0",
      "resolved": "https://registry.npmjs.org/antd-mobile-icons/-/antd-mobile-icons-0.3.0.tgz",
      "integrity": "sha512-rqINQpJWZWrva9moCd1Ye695MZYWmqLPE+bY8d2xLRy7iSQwPsinCdZYjpUPp2zL/LnKYSyXxP2ut2A+DC+whQ==",
      "license": "MIT"
    }
  }
}
